
Microsoft Visual Studio Solution File, Format Version 12.00
# Visual Studio Version 16
VisualStudioVersion = 16.0.29509.3
MinimumVisualStudioVersion = 10.0.40219.1
Project("{9A19103F-16F7-4668-BE54-9A1E7A4F7556}") = "JobTrackingSystem", "JobTrackingSystem\JobTrackingSystem.csproj", "{6436FB1F-4AB4-4539-91F8-0691C960BFD7}"
EndProject
Global
	GlobalSection(SolutionConfigurationPlatforms) = preSolution
		Debug|Any CPU = Debug|Any CPU
		Release|Any CPU = Release|Any CPU
	EndGlobalSection
	GlobalSection(ProjectConfigurationPlatforms) = postSolution
		{6436FB1F-4AB4-4539-91F8-0691C960BFD7}.Debug|Any CPU.ActiveCfg = Debug|Any CPU
		{6436FB1F-4AB4-4539-91F8-0691C960BFD7}.Debug|Any CPU.Build.0 = Debug|Any CPU
		{6436FB1F-4AB4-4539-91F8-0691C960BFD7}.Release|Any CPU.ActiveCfg = Release|Any CPU
		{6436FB1F-4AB4-4539-91F8-0691C960BFD7}.Release|Any CPU.Build.0 = Release|Any CPU
	EndGlobalSection
	GlobalSection(SolutionProperties) = preSolution
		HideSolutionNode = FALSE
	EndGlobalSection
	GlobalSection(ExtensibilityGlobals) = postSolution
		SolutionGuid = {897C792F-E053-4842-8ADD-250E92396351}
	EndGlobalSection
EndGlobal
